{
  "nodes": {
    "catppuccin": {
      "locked": {
        "lastModified": 1730458408,
        "narHash": "sha256-JQ+SphQn13bdibKUrBBBznYehXX4xJrxD1ifBp6vSWw=",
        "owner": "catppuccin",
        "repo": "nix",
        "rev": "191fbf2d81a63fad8f62f1233c0051f09b75d0ad",
        "type": "github"
      },
      "original": {
        "owner": "catppuccin",
        "repo": "nix",
        "type": "github"
      }
    },
    "home-manager": {
      "inputs": {
        "nixpkgs": [
          "nixpkgs"
        ]
      },
      "locked": {
        "lastModified": 1730490306,
        "narHash": "sha256-AvCVDswOUM9D368HxYD25RsSKp+5o0L0/JHADjLoD38=",
        "owner": "nix-community",
        "repo": "home-manager",
        "rev": "1743615b61c7285976f85b303a36cdf88a556503",
        "type": "github"
      },
      "original": {
        "owner": "nix-community",
        "repo": "home-manager",
        "type": "github"
      }
    },
    "nixpkgs": {
      "locked": {
        "lastModified": 1730200266,
        "narHash": "sha256-l253w0XMT8nWHGXuXqyiIC/bMvh1VRszGXgdpQlfhvU=",
        "owner": "nixos",
        "repo": "nixpkgs",
        "rev": "807e9154dcb16384b1b765ebe9cd2bba2ac287fd",
        "type": "github"
      },
      "original": {
        "owner": "nixos",
        "ref": "nixos-unstable",
        "repo": "nixpkgs",
        "type": "github"
      }
    },
    "nixpkgs_2": {
      "locked": {
        "lastModified": 1727348695,
        "narHash": "sha256-J+PeFKSDV+pHL7ukkfpVzCOO7mBSrrpJ3svwBFABbhI=",
        "owner": "nixos",
        "repo": "nixpkgs",
        "rev": "1925c603f17fc89f4c8f6bf6f631a802ad85d784",
        "type": "github"
      },
      "original": {
        "owner": "nixos",
        "ref": "nixos-unstable",
        "repo": "nixpkgs",
        "type": "github"
      }
    },
    "root": {
      "inputs": {
        "catppuccin": "catppuccin",
        "home-manager": "home-manager",
        "nixpkgs": "nixpkgs",
        "stylix": "stylix",
        "zen-browser": "zen-browser"
      }
    },
    "stylix": {
      "flake": false,
      "locked": {
        "lastModified": 1729963473,
        "narHash": "sha256-uGjTjvvlGQfQ0yypVP+at0NizI2nrb6kz4wGAqzRGbY=",
        "owner": "danth",
        "repo": "stylix",
        "rev": "04afcfc0684d9bbb24bb1dc77afda7c1843ec93b",
        "type": "github"
      },
      "original": {
        "owner": "danth",
        "repo": "stylix",
        "type": "github"
      }
    },
    "zen-browser": {
      "inputs": {
        "nixpkgs": "nixpkgs_2"
      },
      "locked": {
        "lastModified": 1730522321,
        "narHash": "sha256-XpMzVUNn/sfa5O/MDTXBflqXM4dFELY3/sHNRIZkUKM=",
        "owner": "RuanBuitendag42",
        "repo": "zen-browser-flake",
        "rev": "af2243622c286f12b7994e04e5c35ec3f9fb89a0",
        "type": "github"
      },
      "original": {
        "owner": "RuanBuitendag42",
        "repo": "zen-browser-flake",
        "type": "github"
      }
    }
  },
  "root": "root",
  "version": 7
}
